// !$*UTF8*$!
{
	archiveVersion = 1;
	classes = {
	};
	objectVersion = 50;
	objects = {

/* Begin PBXBuildFile section */
		9E1A8BCD2237BDA800D6639D /* imageExtension.swift in Sources */ = {isa = PBXBuildFile; fileRef = 9E1A8BCC2237BDA800D6639D /* imageExtension.swift */; };
		9E3BE201223620FB0016397F /* AppDelegate.swift in Sources */ = {isa = PBXBuildFile; fileRef = 9E3BE200223620FB0016397F /* AppDelegate.swift */; };
		9E3BE203223620FB0016397F /* ViewController.swift in Sources */ = {isa = PBXBuildFile; fileRef = 9E3BE202223620FB0016397F /* ViewController.swift */; };
		9E3BE206223620FB0016397F /* Main.storyboard in Resources */ = {isa = PBXBuildFile; fileRef = 9E3BE204223620FB0016397F /* Main.storyboard */; };
		9E3BE208223620FF0016397F /* Assets.xcassets in Resources */ = {isa = PBXBuildFile; fileRef = 9E3BE207223620FF0016397F /* Assets.xcassets */; };
		9E3BE20B223620FF0016397F /* LaunchScreen.storyboard in Resources */ = {isa = PBXBuildFile; fileRef = 9E3BE209223620FF0016397F /* LaunchScreen.storyboard */; };
		9E3BE216223620FF0016397F /* testTests.swift in Sources */ = {isa = PBXBuildFile; fileRef = 9E3BE215223620FF0016397F /* testTests.swift */; };
		9E3BE221223620FF0016397F /* testUITests.swift in Sources */ = {isa = PBXBuildFile; fileRef = 9E3BE220223620FF0016397F /* testUITests.swift */; };
		9E3BE23322363E320016397F /* modelClass.swift in Sources */ = {isa = PBXBuildFile; fileRef = 9E3BE23222363E320016397F /* modelClass.swift */; };
		9E3BE23622365C060016397F /* imageCell.swift in Sources */ = {isa = PBXBuildFile; fileRef = 9E3BE23422365C060016397F /* imageCell.swift */; };
		9E3BE23722365C060016397F /* imageCell.xib in Resources */ = {isa = PBXBuildFile; fileRef = 9E3BE23522365C060016397F /* imageCell.xib */; };
		9E3BE23A22365D990016397F /* imageCollCell.swift in Sources */ = {isa = PBXBuildFile; fileRef = 9E3BE23822365D990016397F /* imageCollCell.swift */; };
		9E3BE23B22365D990016397F /* imageCollCell.xib in Resources */ = {isa = PBXBuildFile; fileRef = 9E3BE23922365D990016397F /* imageCollCell.xib */; };
		9E4E20A02236E8B800145167 /* userList.swift in Sources */ = {isa = PBXBuildFile; fileRef = 9E4E209E2236E8B800145167 /* userList.swift */; };
		9E4E20A12236E8B800145167 /* userList.xib in Resources */ = {isa = PBXBuildFile; fileRef = 9E4E209F2236E8B800145167 /* userList.xib */; };
		9E4E20A82236EC0A00145167 /* userCell.swift in Sources */ = {isa = PBXBuildFile; fileRef = 9E4E20A62236EC0A00145167 /* userCell.swift */; };
		9E4E20A92236EC0A00145167 /* userCell.xib in Resources */ = {isa = PBXBuildFile; fileRef = 9E4E20A72236EC0A00145167 /* userCell.xib */; };
		9E4E20AC2236EC5E00145167 /* userCollCell.swift in Sources */ = {isa = PBXBuildFile; fileRef = 9E4E20AA2236EC5E00145167 /* userCollCell.swift */; };
		9E4E20AD2236EC5E00145167 /* userCollCell.xib in Resources */ = {isa = PBXBuildFile; fileRef = 9E4E20AB2236EC5E00145167 /* userCollCell.xib */; };
/* End PBXBuildFile section */

/* Begin PBXContainerItemProxy section */
		9E3BE212223620FF0016397F /* PBXContainerItemProxy */ = {
			isa = PBXContainerItemProxy;
			containerPortal = 9E3BE1F5223620FB0016397F /* Project object */;
			proxyType = 1;
			remoteGlobalIDString = 9E3BE1FC223620FB0016397F;
			remoteInfo = test;
		};
		9E3BE21D223620FF0016397F /* PBXContainerItemProxy */ = {
			isa = PBXContainerItemProxy;
			containerPortal = 9E3BE1F5223620FB0016397F /* Project object */;
			proxyType = 1;
			remoteGlobalIDString = 9E3BE1FC223620FB0016397F;
			remoteInfo = test;
		};
/* End PBXContainerItemProxy section */

/* Begin PBXFileReference section */
		9E1A8BCC2237BDA800D6639D /* imageExtension.swift */ = {isa = PBXFileReference; lastKnownFileType = sourcecode.swift; path = imageExtension.swift; sourceTree = "<group>"; };
		9E3BE1FD223620FB0016397F /* test.app */ = {isa = PBXFileReference; explicitFileType = wrapper.application; includeInIndex = 0; path = test.app; sourceTree = BUILT_PRODUCTS_DIR; };
		9E3BE200223620FB0016397F /* AppDelegate.swift */ = {isa = PBXFileReference; lastKnownFileType = sourcecode.swift; path = AppDelegate.swift; sourceTree = "<group>"; };
		9E3BE202223620FB0016397F /* ViewController.swift */ = {isa = PBXFileReference; lastKnownFileType = sourcecode.swift; path = ViewController.swift; sourceTree = "<group>"; };
		9E3BE205223620FB0016397F /* Base */ = {isa = PBXFileReference; lastKnownFileType = file.storyboard; name = Base; path = Base.lproj/Main.storyboard; sourceTree = "<group>"; };
		9E3BE207223620FF0016397F /* Assets.xcassets */ = {isa = PBXFileReference; lastKnownFileType = folder.assetcatalog; path = Assets.xcassets; sourceTree = "<group>"; };
		9E3BE20A223620FF0016397F /* Base */ = {isa = PBXFileReference; lastKnownFileType = file.storyboard; name = Base; path = Base.lproj/LaunchScreen.storyboard; sourceTree = "<group>"; };
		9E3BE20C223620FF0016397F /* Info.plist */ = {isa = PBXFileReference; lastKnownFileType = text.plist.xml; path = Info.plist; sourceTree = "<group>"; };
		9E3BE211223620FF0016397F /* testTests.xctest */ = {isa = PBXFileReference; explicitFileType = wrapper.cfbundle; includeInIndex = 0; path = testTests.xctest; sourceTree = BUILT_PRODUCTS_DIR; };
		9E3BE215223620FF0016397F /* testTests.swift */ = {isa = PBXFileReference; lastKnownFileType = sourcecode.swift; path = testTests.swift; sourceTree = "<group>"; };
		9E3BE217223620FF0016397F /* Info.plist */ = {isa = PBXFileReference; lastKnownFileType = text.plist.xml; path = Info.plist; sourceTree = "<group>"; };
		9E3BE21C223620FF0016397F /* testUITests.xctest */ = {isa = PBXFileReference; explicitFileType = wrapper.cfbundle; includeInIndex = 0; path = testUITests.xctest; sourceTree = BUILT_PRODUCTS_DIR; };
		9E3BE220223620FF0016397F /* testUITests.swift */ = {isa = PBXFileReference; lastKnownFileType = sourcecode.swift; path = testUITests.swift; sourceTree = "<group>"; };
		9E3BE222223620FF0016397F /* Info.plist */ = {isa = PBXFileReference; lastKnownFileType = text.plist.xml; path = Info.plist; sourceTree = "<group>"; };
		9E3BE23222363E320016397F /* modelClass.swift */ = {isa = PBXFileReference; lastKnownFileType = sourcecode.swift; path = modelClass.swift; sourceTree = "<group>"; };
		9E3BE23422365C060016397F /* imageCell.swift */ = {isa = PBXFileReference; lastKnownFileType = sourcecode.swift; path = imageCell.swift; sourceTree = "<group>"; };
		9E3BE23522365C060016397F /* imageCell.xib */ = {isa = PBXFileReference; lastKnownFileType = file.xib; path = imageCell.xib; sourceTree = "<group>"; };
		9E3BE23822365D990016397F /* imageCollCell.swift */ = {isa = PBXFileReference; lastKnownFileType = sourcecode.swift; path = imageCollCell.swift; sourceTree = "<group>"; };
		9E3BE23922365D990016397F /* imageCollCell.xib */ = {isa = PBXFileReference; lastKnownFileType = file.xib; path = imageCollCell.xib; sourceTree = "<group>"; };
		9E4E209E2236E8B800145167 /* userList.swift */ = {isa = PBXFileReference; lastKnownFileType = sourcecode.swift; path = userList.swift; sourceTree = "<group>"; };
		9E4E209F2236E8B800145167 /* userList.xib */ = {isa = PBXFileReference; lastKnownFileType = file.xib; path = userList.xib; sourceTree = "<group>"; };
		9E4E20A62236EC0A00145167 /* userCell.swift */ = {isa = PBXFileReference; lastKnownFileType = sourcecode.swift; path = userCell.swift; sourceTree = "<group>"; };
		9E4E20A72236EC0A00145167 /* userCell.xib */ = {isa = PBXFileReference; lastKnownFileType = file.xib; path = userCell.xib; sourceTree = "<group>"; };
		9E4E20AA2236EC5E00145167 /* userCollCell.swift */ = {isa = PBXFileReference; lastKnownFileType = sourcecode.swift; path = userCollCell.swift; sourceTree = "<group>"; };
		9E4E20AB2236EC5E00145167 /* userCollCell.xib */ = {isa = PBXFileReference; lastKnownFileType = file.xib; path = userCollCell.xib; sourceTree = "<group>"; };
/* End PBXFileReference section */

/* Begin PBXFrameworksBuildPhase section */
		9E3BE1FA223620FB0016397F /* Frameworks */ = {
			isa = PBXFrameworksBuildPhase;
			buildActionMask = 2147483647;
			files = (
			);
			runOnlyForDeploymentPostprocessing = 0;
		};
		9E3BE20E223620FF0016397F /* Frameworks */ = {
			isa = PBXFrameworksBuildPhase;
			buildActionMask = 2147483647;
			files = (
			);
			runOnlyForDeploymentPostprocessing = 0;
		};
		9E3BE219223620FF0016397F /* Frameworks */ = {
			isa = PBXFrameworksBuildPhase;
			buildActionMask = 2147483647;
			files = (
			);
			runOnlyForDeploymentPostprocessing = 0;
		};
/* End PBXFrameworksBuildPhase section */

/* Begin PBXGroup section */
		9E1A8BC82237AF0C00D6639D /* model */ = {
			isa = PBXGroup;
			children = (
				9E3BE23222363E320016397F /* modelClass.swift */,
			);
			path = model;
			sourceTree = "<group>";
		};
		9E1A8BC92237AF1D00D6639D /* controller */ = {
			isa = PBXGroup;
			children = (
				9E3BE200223620FB0016397F /* AppDelegate.swift */,
				9E3BE202223620FB0016397F /* ViewController.swift */,
			);
			path = controller;
			sourceTree = "<group>";
		};
		9E1A8BCA2237AF2A00D6639D /* view */ = {
			isa = PBXGroup;
			children = (
				9E3BE23422365C060016397F /* imageCell.swift */,
				9E3BE23522365C060016397F /* imageCell.xib */,
				9E3BE23822365D990016397F /* imageCollCell.swift */,
				9E3BE23922365D990016397F /* imageCollCell.xib */,
				9E4E20AA2236EC5E00145167 /* userCollCell.swift */,
				9E4E20AB2236EC5E00145167 /* userCollCell.xib */,
				9E4E209E2236E8B800145167 /* userList.swift */,
				9E4E209F2236E8B800145167 /* userList.xib */,
				9E4E20A62236EC0A00145167 /* userCell.swift */,
				9E4E20A72236EC0A00145167 /* userCell.xib */,
			);
			path = view;
			sourceTree = "<group>";
		};
		9E1A8BCB2237BD9200D6639D /* extesnion */ = {
			isa = PBXGroup;
			children = (
				9E1A8BCC2237BDA800D6639D /* imageExtension.swift */,
			);
			path = extesnion;
			sourceTree = "<group>";
		};
		9E3BE1F4223620FB0016397F = {
			isa = PBXGroup;
			children = (
				9E3BE1FF223620FB0016397F /* test */,
				9E3BE214223620FF0016397F /* testTests */,
				9E3BE21F223620FF0016397F /* testUITests */,
				9E3BE1FE223620FB0016397F /* Products */,
			);
			sourceTree = "<group>";
		};
		9E3BE1FE223620FB0016397F /* Products */ = {
			isa = PBXGroup;
			children = (
				9E3BE1FD223620FB0016397F /* test.app */,
				9E3BE211223620FF0016397F /* testTests.xctest */,
				9E3BE21C223620FF0016397F /* testUITests.xctest */,
			);
			name = Products;
			sourceTree = "<group>";
		};
		9E3BE1FF223620FB0016397F /* test */ = {
			isa = PBXGroup;
			children = (
				9E1A8BCB2237BD9200D6639D /* extesnion */,
				9E1A8BCA2237AF2A00D6639D /* view */,
				9E1A8BC92237AF1D00D6639D /* controller */,
				9E1A8BC82237AF0C00D6639D /* model */,
				9E3BE204223620FB0016397F /* Main.storyboard */,
				9E3BE207223620FF0016397F /* Assets.xcassets */,
				9E3BE209223620FF0016397F /* LaunchScreen.storyboard */,
				9E3BE20C223620FF0016397F /* Info.plist */,
			);
			path = test;
			sourceTree = "<group>";
		};
		9E3BE214223620FF0016397F /* testTests */ = {
			isa = PBXGroup;
			children = (
				9E3BE215223620FF0016397F /* testTests.swift */,
				9E3BE217223620FF0016397F /* Info.plist */,
			);
			path = testTests;
			sourceTree = "<group>";
		};
		9E3BE21F223620FF0016397F /* testUITests */ = {
			isa = PBXGroup;
			children = (
				9E3BE220223620FF0016397F /* testUITests.swift */,
				9E3BE222223620FF0016397F /* Info.plist */,
			);
			path = testUITests;
			sourceTree = "<group>";
		};
/* End PBXGroup section */

/* Begin PBXNativeTarget section */
		9E3BE1FC223620FB0016397F /* test */ = {
			isa = PBXNativeTarget;
			buildConfigurationList = 9E3BE225223620FF0016397F /* Build configuration list for PBXNativeTarget "test" */;
			buildPhases = (
				9E3BE1F9223620FB0016397F /* Sources */,
				9E3BE1FA223620FB0016397F /* Frameworks */,
				9E3BE1FB223620FB0016397F /* Resources */,
			);
			buildRules = (
			);
			dependencies = (
			);
			name = test;
			productName = test;
			productReference = 9E3BE1FD223620FB0016397F /* test.app */;
			productType = "com.apple.product-type.application";
		};
		9E3BE210223620FF0016397F /* testTests */ = {
			isa = PBXNativeTarget;
			buildConfigurationList = 9E3BE228223620FF0016397F /* Build configuration list for PBXNativeTarget "testTests" */;
			buildPhases = (
				9E3BE20D223620FF0016397F /* Sources */,
				9E3BE20E223620FF0016397F /* Frameworks */,
				9E3BE20F223620FF0016397F /* Resources */,
			);
			buildRules = (
			);
			dependencies = (
				9E3BE213223620FF0016397F /* PBXTargetDependency */,
			);
			name = testTests;
			productName = testTests;
			productReference = 9E3BE211223620FF0016397F /* testTests.xctest */;
			productType = "com.apple.product-type.bundle.unit-test";
		};
		9E3BE21B223620FF0016397F /* testUITests */ = {
			isa = PBXNativeTarget;
			buildConfigurationList = 9E3BE22B223620FF0016397F /* Build configuration list for PBXNativeTarget "testUITests" */;
			buildPhases = (
				9E3BE218223620FF0016397F /* Sources */,
				9E3BE219223620FF0016397F /* Frameworks */,
				9E3BE21A223620FF0016397F /* Resources */,
			);
			buildRules = (
			);
			dependencies = (
				9E3BE21E223620FF0016397F /* PBXTargetDependency */,
			);
			name = testUITests;
			productName = testUITests;
			productReference = 9E3BE21C223620FF0016397F /* testUITests.xctest */;
			productType = "com.apple.product-type.bundle.ui-testing";
		};
/* End PBXNativeTarget section */

/* Begin PBXProject section */
		9E3BE1F5223620FB0016397F /* Project object */ = {
			isa = PBXProject;
			attributes = {
				LastSwiftUpdateCheck = 1010;
				LastUpgradeCheck = 1010;
				ORGANIZATIONNAME = "Pritesh Khandelwal";
				TargetAttributes = {
					9E3BE1FC223620FB0016397F = {
						CreatedOnToolsVersion = 10.1;
					};
					9E3BE210223620FF0016397F = {
						CreatedOnToolsVersion = 10.1;
						TestTargetID = 9E3BE1FC223620FB0016397F;
					};
					9E3BE21B223620FF0016397F = {
						CreatedOnToolsVersion = 10.1;
						TestTargetID = 9E3BE1FC223620FB0016397F;
					};
				};
			};
			buildConfigurationList = 9E3BE1F8223620FB0016397F /* Build configuration list for PBXProject "test" */;
			compatibilityVersion = "Xcode 9.3";
			developmentRegion = en;
			hasScannedForEncodings = 0;
			knownRegions = (
				en,
				Base,
			);
			mainGroup = 9E3BE1F4223620FB0016397F;
			productRefGroup = 9E3BE1FE223620FB0016397F /* Products */;
			projectDirPath = "";
			projectRoot = "";
			targets = (
				9E3BE1FC223620FB0016397F /* test */,
				9E3BE210223620FF0016397F /* testTests */,
				9E3BE21B223620FF0016397F /* testUITests */,
			);
		};
/* End PBXProject section */

/* Begin PBXResourcesBuildPhase section */
		9E3BE1FB223620FB0016397F /* Resources */ = {
			isa = PBXResourcesBuildPhase;
			buildActionMask = 2147483647;
			files = (
				9E4E20A92236EC0A00145167 /* userCell.xib in Resources */,
				9E3BE20B223620FF0016397F /* LaunchScreen.storyboard in Resources */,
				9E4E20AD2236EC5E00145167 /* userCollCell.xib in Resources */,
				9E3BE23722365C060016397F /* imageCell.xib in Resources */,
				9E3BE208223620FF0016397F /* Assets.xcassets in Resources */,
				9E4E20A12236E8B800145167 /* userList.xib in Resources */,
				9E3BE206223620FB0016397F /* Main.storyboard in Resources */,
				9E3BE23B22365D990016397F /* imageCollCell.xib in Resources */,
			);
			runOnlyForDeploymentPostprocessing = 0;
		};
		9E3BE20F223620FF0016397F /* Resources */ = {
			isa = PBXResourcesBuildPhase;
			buildActionMask = 2147483647;
			files = (
			);
			runOnlyForDeploymentPostprocessing = 0;
		};
		9E3BE21A223620FF0016397F /* Resources */ = {
			isa = PBXResourcesBuildPhase;
			buildActionMask = 2147483647;
			files = (
			);
			runOnlyForDeploymentPostprocessing = 0;
		};
/* End PBXResourcesBuildPhase section */

/* Begin PBXSourcesBuildPhase section */
		9E3BE1F9223620FB0016397F /* Sources */ = {
			isa = PBXSourcesBuildPhase;
			buildActionMask = 2147483647;
			files = (
				9E1A8BCD2237BDA800D6639D /* imageExtension.swift in Sources */,
				9E4E20A02236E8B800145167 /* userList.swift in Sources */,
				9E3BE23322363E320016397F /* modelClass.swift in Sources */,
				9E4E20AC2236EC5E00145167 /* userCollCell.swift in Sources */,
				9E3BE23A22365D990016397F /* imageCollCell.swift in Sources */,
				9E3BE203223620FB0016397F /* ViewController.swift in Sources */,
				9E4E20A82236EC0A00145167 /* userCell.swift in Sources */,
				9E3BE201223620FB0016397F /* AppDelegate.swift in Sources */,
				9E3BE23622365C060016397F /* imageCell.swift in Sources */,
			);
			runOnlyForDeploymentPostprocessing = 0;
		};
		9E3BE20D223620FF0016397F /* Sources */ = {
			isa = PBXSourcesBuildPhase;
			buildActionMask = 2147483647;
			files = (
				9E3BE216223620FF0016397F /* testTests.swift in Sources */,
			);
			runOnlyForDeploymentPostprocessing = 0;
		};
		9E3BE218223620FF0016397F /* Sources */ = {
			isa = PBXSourcesBuildPhase;
			buildActionMask = 2147483647;
			files = (
				9E3BE221223620FF0016397F /* testUITests.swift in Sources */,
			);
			runOnlyForDeploymentPostprocessing = 0;
		};
/* End PBXSourcesBuildPhase section */

/* Begin PBXTargetDependency section */
		9E3BE213223620FF0016397F /* PBXTargetDependency */ = {
			isa = PBXTargetDependency;
			target = 9E3BE1FC223620FB0016397F /* test */;
			targetProxy = 9E3BE212223620FF0016397F /* PBXContainerItemProxy */;
		};
		9E3BE21E223620FF0016397F /* PBXTargetDependency */ = {
			isa = PBXTargetDependency;
			target = 9E3BE1FC223620FB0016397F /* test */;
			targetProxy = 9E3BE21D223620FF0016397F /* PBXContainerItemProxy */;
		};
/* End PBXTargetDependency section */

/* Begin PBXVariantGroup section */
		9E3BE204223620FB0016397F /* Main.storyboard */ = {
			isa = PBXVariantGroup;
			children = (
				9E3BE205223620FB0016397F /* Base */,
			);
			name = Main.storyboard;
			sourceTree = "<group>";
		};
		9E3BE209223620FF0016397F /* LaunchScreen.storyboard */ = {
			isa = PBXVariantGroup;
			children = (
				9E3BE20A223620FF0016397F /* Base */,
			);
			name = LaunchScreen.storyboard;
			sourceTree = "<group>";
		};
/* End PBXVariantGroup section */

/* Begin XCBuildConfiguration section */
		9E3BE223223620FF0016397F /* Debug */ = {
			isa = XCBuildConfiguration;
			buildSettings = {
				ALWAYS_SEARCH_USER_PATHS = NO;
				CLANG_ANALYZER_NONNULL = YES;
				CLANG_ANALYZER_NUMBER_OBJECT_CONVERSION = YES_AGGRESSIVE;
				CLANG_CXX_LANGUAGE_STANDARD = "gnu++14";
				CLANG_CXX_LIBRARY = "libc++";
				CLANG_ENABLE_MODULES = YES;
				CLANG_ENABLE_OBJC_ARC = YES;
				CLANG_ENABLE_OBJC_WEAK = YES;
				CLANG_WARN_BLOCK_CAPTURE_AUTORELEASING = YES;
				CLANG_WARN_BOOL_CONVERSION = YES;
				CLANG_WARN_COMMA = YES;
				CLANG_WARN_CONSTANT_CONVERSION = YES;
				CLANG_WARN_DEPRECATED_OBJC_IMPLEMENTATIONS = YES;
				CLANG_WARN_DIRECT_OBJC_ISA_USAGE = YES_ERROR;
				CLANG_WARN_DOCUMENTATION_COMMENTS = YES;
				CLANG_WARN_EMPTY_BODY = YES;
				CLANG_WARN_ENUM_CONVERSION = YES;
				CLANG_WARN_INFINITE_RECURSION = YES;
				CLANG_WARN_INT_CONVERSION = YES;
				CLANG_WARN_NON_LITERAL_NULL_CONVERSION = YES;
				CLANG_WARN_OBJC_IMPLICIT_RETAIN_SELF = YES;
				CLANG_WARN_OBJC_LITERAL_CONVERSION = YES;
				CLANG_WARN_OBJC_ROOT_CLASS = YES_ERROR;
				CLANG_WARN_RANGE_LOOP_ANALYSIS = YES;
				CLANG_WARN_STRICT_PROTOTYPES = YES;
				CLANG_WARN_SUSPICIOUS_MOVE = YES;
				CLANG_WARN_UNGUARDED_AVAILABILITY = YES_AGGRESSIVE;
				CLANG_WARN_UNREACHABLE_CODE = YES;
				CLANG_WARN__DUPLICATE_METHOD_MATCH = YES;
				CODE_SIGN_IDENTITY = "iPhone Developer";
				COPY_PHASE_STRIP = NO;
				DEBUG_INFORMATION_FORMAT = dwarf;
				ENABLE_STRICT_OBJC_MSGSEND = YES;
				ENABLE_TESTABILITY = YES;
				GCC_C_LANGUAGE_STANDARD = gnu11;
				GCC_DYNAMIC_NO_PIC = NO;
				GCC_NO_COMMON_BLOCKS = YES;
				GCC_OPTIMIZATION_LEVEL = 0;
				GCC_PREPROCESSOR_DEFINITIONS = (
					"DEBUG=1",
					"$(inherited)",
				);
				GCC_WARN_64_TO_32_BIT_CONVERSION = YES;
				GCC_WARN_ABOUT_RETURN_TYPE = YES_ERROR;
				GCC_WARN_UNDECLARED_SELECTOR = YES;
				GCC_WARN_UNINITIALIZED_AUTOS = YES_AGGRESSIVE;
				GCC_WARN_UNUSED_FUNCTION = YES;
				GCC_WARN_UNUSED_VARIABLE = YES;
				IPHONEOS_DEPLOYMENT_TARGET = 12.1;
				MTL_ENABLE_DEBUG_INFO = INCLUDE_SOURCE;
				MTL_FAST_MATH = YES;
				ONLY_ACTIVE_ARCH = YES;
				SDKROOT = iphoneos;
				SWIFT_ACTIVE_COMPILATION_CONDITIONS = DEBUG;
				SWIFT_OPTIMIZATION_LEVEL = "-Onone";
			};
			name = Debug;
		};
		9E3BE224223620FF0016397F /* Release */ = {
			isa = XCBuildConfiguration;
			buildSettings = {
				ALWAYS_SEARCH_USER_PATHS = NO;
				CLANG_ANALYZER_NONNULL = YES;
				CLANG_ANALYZER_NUMBER_OBJECT_CONVERSION = YES_AGGRESSIVE;
				CLANG_CXX_LANGUAGE_STANDARD = "gnu++14";
				CLANG_CXX_LIBRARY = "libc++";
				CLANG_ENABLE_MODULES = YES;
				CLANG_ENABLE_OBJC_ARC = YES;
				CLANG_ENABLE_OBJC_WEAK = YES;
				CLANG_WARN_BLOCK_CAPTURE_AUTORELEASING = YES;
				CLANG_WARN_BOOL_CONVERSION = YES;
				CLANG_WARN_COMMA = YES;
				CLANG_WARN_CONSTANT_CONVERSION = YES;
				CLANG_WARN_DEPRECATED_OBJC_IMPLEMENTATIONS = YES;
				CLANG_WARN_DIRECT_OBJC_ISA_USAGE = YES_ERROR;
				CLANG_WARN_DOCUMENTATION_COMMENTS = YES;
				CLANG_WARN_EMPTY_BODY = YES;
				CLANG_WARN_ENUM_CONVERSION = YES;
				CLANG_WARN_INFINITE_RECURSION = YES;
				CLANG_WARN_INT_CONVERSION = YES;
				CLANG_WARN_NON_LITERAL_NULL_CONVERSION = YES;
				CLANG_WARN_OBJC_IMPLICIT_RETAIN_SELF = YES;
				CLANG_WARN_OBJC_LITERAL_CONVERSION = YES;
				CLANG_WARN_OBJC_ROOT_CLASS = YES_ERROR;
				CLANG_WARN_RANGE_LOOP_ANALYSIS = YES;
				CLANG_WARN_STRICT_PROTOTYPES = YES;
				CLANG_WARN_SUSPICIOUS_MOVE = YES;
				CLANG_WARN_UNGUARDED_AVAILABILITY = YES_AGGRESSIVE;
				CLANG_WARN_UNREACHABLE_CODE = YES;
				CLANG_WARN__DUPLICATE_METHOD_MATCH = YES;
				CODE_SIGN_IDENTITY = "iPhone Developer";
				COPY_PHASE_STRIP = NO;
				DEBUG_INFORMATION_FORMAT = "dwarf-with-dsym";
				ENABLE_NS_ASSERTIONS = NO;
				ENABLE_STRICT_OBJC_MSGSEND = YES;
				GCC_C_LANGUAGE_STANDARD = gnu11;
				GCC_NO_COMMON_BLOCKS = YES;
				GCC_WARN_64_TO_32_BIT_CONVERSION = YES;
				GCC_WARN_ABOUT_RETURN_TYPE = YES_ERROR;
				GCC_WARN_UNDECLARED_SELECTOR = YES;
				GCC_WARN_UNINITIALIZED_AUTOS = YES_AGGRESSIVE;
				GCC_WARN_UNUSED_FUNCTION = YES;
				GCC_WARN_UNUSED_VARIABLE = YES;
				IPHONEOS_DEPLOYMENT_TARGET = 12.1;
				MTL_ENABLE_DEBUG_INFO = NO;
				MTL_FAST_MATH = YES;
				SDKROOT = iphoneos;
				SWIFT_COMPILATION_MODE = wholemodule;
				SWIFT_OPTIMIZATION_LEVEL = "-O";
				VALIDATE_PRODUCT = YES;
			};
			name = Release;
		};
		9E3BE226223620FF0016397F /* Debug */ = {
			isa = XCBuildConfiguration;
			buildSettings = {
				ASSETCATALOG_COMPILER_APPICON_NAME = AppIcon;
				CODE_SIGN_STYLE = Automatic;
				DEVELOPMENT_TEAM = QMF37ZY643;
				INFOPLIST_FILE = test/Info.plist;
				LD_RUNPATH_SEARCH_PATHS = (
					"$(inherited)",
					"@executable_path/Frameworks",
				);
				PRODUCT_BUNDLE_IDENTIFIER = cp.pitesh.test;
				PRODUCT_NAME = "$(TARGET_NAME)";
				SWIFT_VERSION = 4.2;
				TARGETED_DEVICE_FAMILY = "1,2";
			};
			name = Debug;
		};
		9E3BE227223620FF0016397F /* Release */ = {
			isa = XCBuildConfiguration;
			buildSettings = {
				ASSETCATALOG_COMPILER_APPICON_NAME = AppIcon;
				CODE_SIGN_STYLE = Automatic;
				DEVELOPMENT_TEAM = QMF37ZY643;
				INFOPLIST_FILE = test/Info.plist;
				LD_RUNPATH_SEARCH_PATHS = (
					"$(inherited)",
					"@executable_path/Frameworks",
				);
				PRODUCT_BUNDLE_IDENTIFIER = cp.pitesh.test;
				PRODUCT_NAME = "$(TARGET_NAME)";
				SWIFT_VERSION = 4.2;
				TARGETED_DEVICE_FAMILY = "1,2";
			};
			name = Release;
		};
		9E3BE229223620FF0016397F /* Debug */ = {
			isa = XCBuildConfiguration;
			buildSettings = {
				ALWAYS_EMBED_SWIFT_STANDARD_LIBRARIES = YES;
				BUNDLE_LOADER = "$(TEST_HOST)";
				CODE_SIGN_STYLE = Automatic;
				INFOPLIST_FILE = testTests/Info.plist;
				LD_RUNPATH_SEARCH_PATHS = (
					"$(inherited)",
					"@executable_path/Frameworks",
					"@loader_path/Frameworks",
				);
				PRODUCT_BUNDLE_IDENTIFIER = cp.pitesh.testTests;
				PRODUCT_NAME = "$(TARGET_NAME)";
				SWIFT_VERSION = 4.2;
				TARGETED_DEVICE_FAMILY = "1,2";
				TEST_HOST = "$(BUILT_PRODUCTS_DIR)/test.app/test";
			};
			name = Debug;
		};
		9E3BE22A223620FF0016397F /* Release */ = {
			isa = XCBuildConfiguration;
			buildSettings = {
				ALWAYS_EMBED_SWIFT_STANDARD_LIBRARIES = YES;
				BUNDLE_LOADER = "$(TEST_HOST)";
				CODE_SIGN_STYLE = Automatic;
				INFOPLIST_FILE = testTests/Info.plist;
				LD_RUNPATH_SEARCH_PATHS = (
					"$(inherited)",
					"@executable_path/Frameworks",
					"@loader_path/Frameworks",
				);
				PRODUCT_BUNDLE_IDENTIFIER = cp.pitesh.testTests;
				PRODUCT_NAME = "$(TARGET_NAME)";
				SWIFT_VERSION = 4.2;
				TARGETED_DEVICE_FAMILY = "1,2";
				TEST_HOST = "$(BUILT_PRODUCTS_DIR)/test.app/test";
			};
			name = Release;
		};
		9E3BE22C223620FF0016397F /* Debug */ = {
			isa = XCBuildConfiguration;
			buildSettings = {
				ALWAYS_EMBED_SWIFT_STANDARD_LIBRARIES = YES;
				CODE_SIGN_STYLE = Automatic;
				INFOPLIST_FILE = testUITests/Info.plist;
				LD_RUNPATH_SEARCH_PATHS = (
					"$(inherited)",
					"@executable_path/Frameworks",
					"@loader_path/Frameworks",
				);
				PRODUCT_BUNDLE_IDENTIFIER = cp.pitesh.testUITests;
				PRODUCT_NAME = "$(TARGET_NAME)";
				SWIFT_VERSION = 4.2;
				TARGETED_DEVICE_FAMILY = "1,2";
				TEST_TARGET_NAME = test;
			};
			name = Debug;
		};
		9E3BE22D223620FF0016397F /* Release */ = {
			isa = XCBuildConfiguration;
			buildSettings = {
				ALWAYS_EMBED_SWIFT_STANDARD_LIBRARIES = YES;
				CODE_SIGN_STYLE = Automatic;
				INFOPLIST_FILE = testUITests/Info.plist;
				LD_RUNPATH_SEARCH_PATHS = (
					"$(inherited)",
					"@executable_path/Frameworks",
					"@loader_path/Frameworks",
				);
				PRODUCT_BUNDLE_IDENTIFIER = cp.pitesh.testUITests;
				PRODUCT_NAME = "$(TARGET_NAME)";
				SWIFT_VERSION = 4.2;
				TARGETED_DEVICE_FAMILY = "1,2";
				TEST_TARGET_NAME = test;
			};
			name = Release;
		};
/* End XCBuildConfiguration section */

/* Begin XCConfigurationList section */
		9E3BE1F8223620FB0016397F /* Build configuration list for PBXProject "test" */ = {
			isa = XCConfigurationList;
			buildConfigurations = (
				9E3BE223223620FF0016397F /* Debug */,
				9E3BE224223620FF0016397F /* Release */,
			);
			defaultConfigurationIsVisible = 0;
			defaultConfigurationName = Release;
		};
		9E3BE225223620FF0016397F /* Build configuration list for PBXNativeTarget "test" */ = {
			isa = XCConfigurationList;
			buildConfigurations = (
				9E3BE226223620FF0016397F /* Debug */,
				9E3BE227223620FF0016397F /* Release */,
			);
			defaultConfigurationIsVisible = 0;
			defaultConfigurationName = Release;
		};
		9E3BE228223620FF0016397F /* Build configuration list for PBXNativeTarget "testTests" */ = {
			isa = XCConfigurationList;
			buildConfigurations = (
				9E3BE229223620FF0016397F /* Debug */,
				9E3BE22A223620FF0016397F /* Release */,
			);
			defaultConfigurationIsVisible = 0;
			defaultConfigurationName = Release;
		};
		9E3BE22B223620FF0016397F /* Build configuration list for PBXNativeTarget "testUITests" */ = {
			isa = XCConfigurationList;
			buildConfigurations = (
				9E3BE22C223620FF0016397F /* Debug */,
				9E3BE22D223620FF0016397F /* Release */,
			);
			defaultConfigurationIsVisible = 0;
			defaultConfigurationName = Release;
		};
/* End XCConfigurationList section */
	};
	rootObject = 9E3BE1F5223620FB0016397F /* Project object */;
}
